
Microsoft Visual Studio Solution File, Format Version 12.00
# Visual Studio 2017
Project("{FAE04EC0-301F-11D3-BF4B-00C04F79EFBC}") = "KillingMore", "KillingMore.csproj", "{40BFD077-2F76-8848-63A3-5BD680D6AD9A}"
EndProject
Project("{FAE04EC0-301F-11D3-BF4B-00C04F79EFBC}") = "KillingMore.Editor", "KillingMore.Editor.csproj", "{DA23AAAB-C4F9-8DA8-7BEE-7857610A512D}"
EndProject
Global
	GlobalSection(SolutionConfigurationPlatforms) = preSolution
		Debug|Any CPU = Debug|Any CPU
		Release|Any CPU = Release|Any CPU
	EndGlobalSection
	GlobalSection(ProjectConfigurationPlatforms) = postSolution
		{40BFD077-2F76-8848-63A3-5BD680D6AD9A}.Debug|Any CPU.ActiveCfg = Debug|Any CPU
		{40BFD077-2F76-8848-63A3-5BD680D6AD9A}.Debug|Any CPU.Build.0 = Debug|Any CPU
		{40BFD077-2F76-8848-63A3-5BD680D6AD9A}.Release|Any CPU.ActiveCfg = Release|Any CPU
		{40BFD077-2F76-8848-63A3-5BD680D6AD9A}.Release|Any CPU.Build.0 = Release|Any CPU
		{DA23AAAB-C4F9-8DA8-7BEE-7857610A512D}.Debug|Any CPU.ActiveCfg = Debug|Any CPU
		{DA23AAAB-C4F9-8DA8-7BEE-7857610A512D}.Debug|Any CPU.Build.0 = Debug|Any CPU
		{DA23AAAB-C4F9-8DA8-7BEE-7857610A512D}.Release|Any CPU.ActiveCfg = Release|Any CPU
		{DA23AAAB-C4F9-8DA8-7BEE-7857610A512D}.Release|Any CPU.Build.0 = Release|Any CPU
	EndGlobalSection
	GlobalSection(SolutionProperties) = preSolution
		HideSolutionNode = FALSE
	EndGlobalSection
EndGlobal
